// !$*UTF8*$!
{
	archiveVersion = 1;
	classes = {
	};
	objectVersion = 55;
	objects = {

/* Begin PBXBuildFile section */
		849A57E62869D03700EE4D3C /* UserDefaultsServiceImpl.swift in Sources */ = {isa = PBXBuildFile; fileRef = 849A57E52869D03700EE4D3C /* UserDefaultsServiceImpl.swift */; };
		849A57EE2869F2EF00EE4D3C /* UserDefaultsPracticeTests.swift in Sources */ = {isa = PBXBuildFile; fileRef = 849A57ED2869F2EF00EE4D3C /* UserDefaultsPracticeTests.swift */; };
		8B5AAC31284F737A000B3C13 /* UserDefaultsPracticeApp.swift in Sources */ = {isa = PBXBuildFile; fileRef = 8B5AAC30284F737A000B3C13 /* UserDefaultsPracticeApp.swift */; };
		8B5AAC33284F737A000B3C13 /* ContentView.swift in Sources */ = {isa = PBXBuildFile; fileRef = 8B5AAC32284F737A000B3C13 /* ContentView.swift */; };
		8B5AAC35284F737C000B3C13 /* Assets.xcassets in Resources */ = {isa = PBXBuildFile; fileRef = 8B5AAC34284F737C000B3C13 /* Assets.xcassets */; };
		8B5AAC38284F737C000B3C13 /* Preview Assets.xcassets in Resources */ = {isa = PBXBuildFile; fileRef = 8B5AAC37284F737C000B3C13 /* Preview Assets.xcassets */; };
		8B5AAC40284F9F54000B3C13 /* CalendarItemView.swift in Sources */ = {isa = PBXBuildFile; fileRef = 8B5AAC3F284F9F54000B3C13 /* CalendarItemView.swift */; };
		8B5AAC42284F9F63000B3C13 /* CalendarItemViewModel.swift in Sources */ = {isa = PBXBuildFile; fileRef = 8B5AAC41284F9F63000B3C13 /* CalendarItemViewModel.swift */; };
/* End PBXBuildFile section */

/* Begin PBXContainerItemProxy section */
		849A57EF2869F2EF00EE4D3C /* PBXContainerItemProxy */ = {
			isa = PBXContainerItemProxy;
			containerPortal = 8B5AAC25284F737A000B3C13 /* Project object */;
			proxyType = 1;
			remoteGlobalIDString = 8B5AAC2C284F737A000B3C13;
			remoteInfo = UserDefaultsPractice;
		};
/* End PBXContainerItemProxy section */

/* Begin PBXFileReference section */
		849A57E52869D03700EE4D3C /* UserDefaultsServiceImpl.swift */ = {isa = PBXFileReference; lastKnownFileType = sourcecode.swift; path = UserDefaultsServiceImpl.swift; sourceTree = "<group>"; };
		849A57EB2869F2EF00EE4D3C /* UserDefaultsPracticeTests.xctest */ = {isa = PBXFileReference; explicitFileType = wrapper.cfbundle; includeInIndex = 0; path = UserDefaultsPracticeTests.xctest; sourceTree = BUILT_PRODUCTS_DIR; };
		849A57ED2869F2EF00EE4D3C /* UserDefaultsPracticeTests.swift */ = {isa = PBXFileReference; lastKnownFileType = sourcecode.swift; path = UserDefaultsPracticeTests.swift; sourceTree = "<group>"; };
		8B5AAC2D284F737A000B3C13 /* UserDefaultsPractice.app */ = {isa = PBXFileReference; explicitFileType = wrapper.application; includeInIndex = 0; path = UserDefaultsPractice.app; sourceTree = BUILT_PRODUCTS_DIR; };
		8B5AAC30284F737A000B3C13 /* UserDefaultsPracticeApp.swift */ = {isa = PBXFileReference; lastKnownFileType = sourcecode.swift; path = UserDefaultsPracticeApp.swift; sourceTree = "<group>"; };
		8B5AAC32284F737A000B3C13 /* ContentView.swift */ = {isa = PBXFileReference; lastKnownFileType = sourcecode.swift; path = ContentView.swift; sourceTree = "<group>"; };
		8B5AAC34284F737C000B3C13 /* Assets.xcassets */ = {isa = PBXFileReference; lastKnownFileType = folder.assetcatalog; path = Assets.xcassets; sourceTree = "<group>"; };
		8B5AAC37284F737C000B3C13 /* Preview Assets.xcassets */ = {isa = PBXFileReference; lastKnownFileType = folder.assetcatalog; path = "Preview Assets.xcassets"; sourceTree = "<group>"; };
		8B5AAC3F284F9F54000B3C13 /* CalendarItemView.swift */ = {isa = PBXFileReference; lastKnownFileType = sourcecode.swift; path = CalendarItemView.swift; sourceTree = "<group>"; };
		8B5AAC41284F9F63000B3C13 /* CalendarItemViewModel.swift */ = {isa = PBXFileReference; lastKnownFileType = sourcecode.swift; path = CalendarItemViewModel.swift; sourceTree = "<group>"; };
/* End PBXFileReference section */

/* Begin PBXFrameworksBuildPhase section */
		849A57E82869F2EF00EE4D3C /* Frameworks */ = {
			isa = PBXFrameworksBuildPhase;
			buildActionMask = 2147483647;
			files = (
			);
			runOnlyForDeploymentPostprocessing = 0;
		};
		8B5AAC2A284F737A000B3C13 /* Frameworks */ = {
			isa = PBXFrameworksBuildPhase;
			buildActionMask = 2147483647;
			files = (
			);
			runOnlyForDeploymentPostprocessing = 0;
		};
/* End PBXFrameworksBuildPhase section */

/* Begin PBXGroup section */
		849A57EC2869F2EF00EE4D3C /* UserDefaultsPracticeTests */ = {
			isa = PBXGroup;
			children = (
				849A57F52869F38800EE4D3C /* CalendarItemTests */,
			);
			path = UserDefaultsPracticeTests;
			sourceTree = "<group>";
		};
		849A57F52869F38800EE4D3C /* CalendarItemTests */ = {
			isa = PBXGroup;
			children = (
				849A57F62869F3A800EE4D3C /* CalendarItemViewModelTests */,
			);
			path = CalendarItemTests;
			sourceTree = "<group>";
		};
		849A57F62869F3A800EE4D3C /* CalendarItemViewModelTests */ = {
			isa = PBXGroup;
			children = (
				849A57ED2869F2EF00EE4D3C /* UserDefaultsPracticeTests.swift */,
			);
			path = CalendarItemViewModelTests;
			sourceTree = "<group>";
		};
		8B5AAC24284F737A000B3C13 = {
			isa = PBXGroup;
			children = (
				8B5AAC2F284F737A000B3C13 /* UserDefaultsPractice */,
				849A57EC2869F2EF00EE4D3C /* UserDefaultsPracticeTests */,
				8B5AAC2E284F737A000B3C13 /* Products */,
			);
			sourceTree = "<group>";
		};
		8B5AAC2E284F737A000B3C13 /* Products */ = {
			isa = PBXGroup;
			children = (
				8B5AAC2D284F737A000B3C13 /* UserDefaultsPractice.app */,
				849A57EB2869F2EF00EE4D3C /* UserDefaultsPracticeTests.xctest */,
			);
			name = Products;
			sourceTree = "<group>";
		};
		8B5AAC2F284F737A000B3C13 /* UserDefaultsPractice */ = {
			isa = PBXGroup;
			children = (
				8B5AAC30284F737A000B3C13 /* UserDefaultsPracticeApp.swift */,
				8B5AAC3E284F9F36000B3C13 /* CalendarItem */,
				8B5AAC32284F737A000B3C13 /* ContentView.swift */,
				8B5AAC34284F737C000B3C13 /* Assets.xcassets */,
				8B5AAC36284F737C000B3C13 /* Preview Content */,
			);
			path = UserDefaultsPractice;
			sourceTree = "<group>";
		};
		8B5AAC36284F737C000B3C13 /* Preview Content */ = {
			isa = PBXGroup;
			children = (
				8B5AAC37284F737C000B3C13 /* Preview Assets.xcassets */,
			);
			path = "Preview Content";
			sourceTree = "<group>";
		};
		8B5AAC3E284F9F36000B3C13 /* CalendarItem */ = {
			isa = PBXGroup;
			children = (
				8B5AAC3F284F9F54000B3C13 /* CalendarItemView.swift */,
				8B5AAC41284F9F63000B3C13 /* CalendarItemViewModel.swift */,
				849A57E52869D03700EE4D3C /* UserDefaultsServiceImpl.swift */,
			);
			path = CalendarItem;
			sourceTree = "<group>";
		};
/* End PBXGroup section */

/* Begin PBXNativeTarget section */
		849A57EA2869F2EF00EE4D3C /* UserDefaultsPracticeTests */ = {
			isa = PBXNativeTarget;
			buildConfigurationList = 849A57F12869F2EF00EE4D3C /* Build configuration list for PBXNativeTarget "UserDefaultsPracticeTests" */;
			buildPhases = (
				849A57E72869F2EF00EE4D3C /* Sources */,
				849A57E82869F2EF00EE4D3C /* Frameworks */,
				849A57E92869F2EF00EE4D3C /* Resources */,
			);
			buildRules = (
			);
			dependencies = (
				849A57F02869F2EF00EE4D3C /* PBXTargetDependency */,
			);
			name = UserDefaultsPracticeTests;
			productName = UserDefaultsPracticeTests;
			productReference = 849A57EB2869F2EF00EE4D3C /* UserDefaultsPracticeTests.xctest */;
			productType = "com.apple.product-type.bundle.unit-test";
		};
		8B5AAC2C284F737A000B3C13 /* UserDefaultsPractice */ = {
			isa = PBXNativeTarget;
			buildConfigurationList = 8B5AAC3B284F737C000B3C13 /* Build configuration list for PBXNativeTarget "UserDefaultsPractice" */;
			buildPhases = (
				8B5AAC29284F737A000B3C13 /* Sources */,
				8B5AAC2A284F737A000B3C13 /* Frameworks */,
				8B5AAC2B284F737A000B3C13 /* Resources */,
			);
			buildRules = (
			);
			dependencies = (
			);
			name = UserDefaultsPractice;
			productName = UserDefaultsPractice;
			productReference = 8B5AAC2D284F737A000B3C13 /* UserDefaultsPractice.app */;
			productType = "com.apple.product-type.application";
		};
/* End PBXNativeTarget section */

/* Begin PBXProject section */
		8B5AAC25284F737A000B3C13 /* Project object */ = {
			isa = PBXProject;
			attributes = {
				BuildIndependentTargetsInParallel = 1;
				LastSwiftUpdateCheck = 1340;
				LastUpgradeCheck = 1330;
				TargetAttributes = {
					849A57EA2869F2EF00EE4D3C = {
						CreatedOnToolsVersion = 13.4.1;
						TestTargetID = 8B5AAC2C284F737A000B3C13;
					};
					8B5AAC2C284F737A000B3C13 = {
						CreatedOnToolsVersion = 13.3.1;
					};
				};
			};
			buildConfigurationList = 8B5AAC28284F737A000B3C13 /* Build configuration list for PBXProject "UserDefaultsPractice" */;
			compatibilityVersion = "Xcode 13.0";
			developmentRegion = en;
			hasScannedForEncodings = 0;
			knownRegions = (
				en,
				Base,
			);
			mainGroup = 8B5AAC24284F737A000B3C13;
			productRefGroup = 8B5AAC2E284F737A000B3C13 /* Products */;
			projectDirPath = "";
			projectRoot = "";
			targets = (
				8B5AAC2C284F737A000B3C13 /* UserDefaultsPractice */,
				849A57EA2869F2EF00EE4D3C /* UserDefaultsPracticeTests */,
			);
		};
/* End PBXProject section */

/* Begin PBXResourcesBuildPhase section */
		849A57E92869F2EF00EE4D3C /* Resources */ = {
			isa = PBXResourcesBuildPhase;
			buildActionMask = 2147483647;
			files = (
			);
			runOnlyForDeploymentPostprocessing = 0;
		};
		8B5AAC2B284F737A000B3C13 /* Resources */ = {
			isa = PBXResourcesBuildPhase;
			buildActionMask = 2147483647;
			files = (
				8B5AAC38284F737C000B3C13 /* Preview Assets.xcassets in Resources */,
				8B5AAC35284F737C000B3C13 /* Assets.xcassets in Resources */,
			);
			runOnlyForDeploymentPostprocessing = 0;
		};
/* End PBXResourcesBuildPhase section */

/* Begin PBXSourcesBuildPhase section */
		849A57E72869F2EF00EE4D3C /* Sources */ = {
			isa = PBXSourcesBuildPhase;
			buildActionMask = 2147483647;
			files = (
				849A57EE2869F2EF00EE4D3C /* UserDefaultsPracticeTests.swift in Sources */,
			);
			runOnlyForDeploymentPostprocessing = 0;
		};
		8B5AAC29284F737A000B3C13 /* Sources */ = {
			isa = PBXSourcesBuildPhase;
			buildActionMask = 2147483647;
			files = (
				8B5AAC33284F737A000B3C13 /* ContentView.swift in Sources */,
				8B5AAC31284F737A000B3C13 /* UserDefaultsPracticeApp.swift in Sources */,
				8B5AAC40284F9F54000B3C13 /* CalendarItemView.swift in Sources */,
				849A57E62869D03700EE4D3C /* UserDefaultsServiceImpl.swift in Sources */,
				8B5AAC42284F9F63000B3C13 /* CalendarItemViewModel.swift in Sources */,
			);
			runOnlyForDeploymentPostprocessing = 0;
		};
/* End PBXSourcesBuildPhase section */

/* Begin PBXTargetDependency section */
		849A57F02869F2EF00EE4D3C /* PBXTargetDependency */ = {
			isa = PBXTargetDependency;
			target = 8B5AAC2C284F737A000B3C13 /* UserDefaultsPractice */;
			targetProxy = 849A57EF2869F2EF00EE4D3C /* PBXContainerItemProxy */;
		};
/* End PBXTargetDependency section */

/* Begin XCBuildConfiguration section */
		849A57F22869F2EF00EE4D3C /* Debug */ = {
			isa = XCBuildConfiguration;
			buildSettings = {
				BUNDLE_LOADER = "$(TEST_HOST)";
				CODE_SIGN_STYLE = Automatic;
				CURRENT_PROJECT_VERSION = 1;
				DEVELOPMENT_TEAM = 6WNZ6H5K49;
				GENERATE_INFOPLIST_FILE = YES;
				IPHONEOS_DEPLOYMENT_TARGET = 15.5;
				MARKETING_VERSION = 1.0;
				PRODUCT_BUNDLE_IDENTIFIER = "Oleksandr-Syurpita.UserDefaultsPracticeTests";
				PRODUCT_NAME = "$(TARGET_NAME)";
				SWIFT_EMIT_LOC_STRINGS = NO;
				SWIFT_VERSION = 5.0;
				TARGETED_DEVICE_FAMILY = "1,2";
				TEST_HOST = "$(BUILT_PRODUCTS_DIR)/UserDefaultsPractice.app/UserDefaultsPractice";
			};
			name = Debug;
		};
		849A57F32869F2EF00EE4D3C /* Release */ = {
			isa = XCBuildConfiguration;
			buildSettings = {
				BUNDLE_LOADER = "$(TEST_HOST)";
				CODE_SIGN_STYLE = Automatic;
				CURRENT_PROJECT_VERSION = 1;
				DEVELOPMENT_TEAM = 6WNZ6H5K49;
				GENERATE_INFOPLIST_FILE = YES;
				IPHONEOS_DEPLOYMENT_TARGET = 15.5;
				MARKETING_VERSION = 1.0;
				PRODUCT_BUNDLE_IDENTIFIER = "Oleksandr-Syurpita.UserDefaultsPracticeTests";
				PRODUCT_NAME = "$(TARGET_NAME)";
				SWIFT_EMIT_LOC_STRINGS = NO;
				SWIFT_VERSION = 5.0;
				TARGETED_DEVICE_FAMILY = "1,2";
				TEST_HOST = "$(BUILT_PRODUCTS_DIR)/UserDefaultsPractice.app/UserDefaultsPractice";
			};
			name = Release;
		};
		8B5AAC39284F737C000B3C13 /* Debug */ = {
			isa = XCBuildConfiguration;
			buildSettings = {
				ALWAYS_SEARCH_USER_PATHS = NO;
				CLANG_ANALYZER_NONNULL = YES;
				CLANG_ANALYZER_NUMBER_OBJECT_CONVERSION = YES_AGGRESSIVE;
				CLANG_CXX_LANGUAGE_STANDARD = "gnu++17";
				CLANG_ENABLE_MODULES = YES;
				CLANG_ENABLE_OBJC_ARC = YES;
				CLANG_ENABLE_OBJC_WEAK = YES;
				CLANG_WARN_BLOCK_CAPTURE_AUTORELEASING = YES;
				CLANG_WARN_BOOL_CONVERSION = YES;
				CLANG_WARN_COMMA = YES;
				CLANG_WARN_CONSTANT_CONVERSION = YES;
				CLANG_WARN_DEPRECATED_OBJC_IMPLEMENTATIONS = YES;
				CLANG_WARN_DIRECT_OBJC_ISA_USAGE = YES_ERROR;
				CLANG_WARN_DOCUMENTATION_COMMENTS = YES;
				CLANG_WARN_EMPTY_BODY = YES;
				CLANG_WARN_ENUM_CONVERSION = YES;
				CLANG_WARN_INFINITE_RECURSION = YES;
				CLANG_WARN_INT_CONVERSION = YES;
				CLANG_WARN_NON_LITERAL_NULL_CONVERSION = YES;
				CLANG_WARN_OBJC_IMPLICIT_RETAIN_SELF = YES;
				CLANG_WARN_OBJC_LITERAL_CONVERSION = YES;
				CLANG_WARN_OBJC_ROOT_CLASS = YES_ERROR;
				CLANG_WARN_QUOTED_INCLUDE_IN_FRAMEWORK_HEADER = YES;
				CLANG_WARN_RANGE_LOOP_ANALYSIS = YES;
				CLANG_WARN_STRICT_PROTOTYPES = YES;
				CLANG_WARN_SUSPICIOUS_MOVE = YES;
				CLANG_WARN_UNGUARDED_AVAILABILITY = YES_AGGRESSIVE;
				CLANG_WARN_UNREACHABLE_CODE = YES;
				CLANG_WARN__DUPLICATE_METHOD_MATCH = YES;
				COPY_PHASE_STRIP = NO;
				DEBUG_INFORMATION_FORMAT = dwarf;
				ENABLE_STRICT_OBJC_MSGSEND = YES;
				ENABLE_TESTABILITY = YES;
				GCC_C_LANGUAGE_STANDARD = gnu11;
				GCC_DYNAMIC_NO_PIC = NO;
				GCC_NO_COMMON_BLOCKS = YES;
				GCC_OPTIMIZATION_LEVEL = 0;
				GCC_PREPROCESSOR_DEFINITIONS = (
					"DEBUG=1",
					"$(inherited)",
				);
				GCC_WARN_64_TO_32_BIT_CONVERSION = YES;
				GCC_WARN_ABOUT_RETURN_TYPE = YES_ERROR;
				GCC_WARN_UNDECLARED_SELECTOR = YES;
				GCC_WARN_UNINITIALIZED_AUTOS = YES_AGGRESSIVE;
				GCC_WARN_UNUSED_FUNCTION = YES;
				GCC_WARN_UNUSED_VARIABLE = YES;
				IPHONEOS_DEPLOYMENT_TARGET = 15.4;
				MTL_ENABLE_DEBUG_INFO = INCLUDE_SOURCE;
				MTL_FAST_MATH = YES;
				ONLY_ACTIVE_ARCH = YES;
				SDKROOT = iphoneos;
				SWIFT_ACTIVE_COMPILATION_CONDITIONS = DEBUG;
				SWIFT_OPTIMIZATION_LEVEL = "-Onone";
			};
			name = Debug;
		};
		8B5AAC3A284F737C000B3C13 /* Release */ = {
			isa = XCBuildConfiguration;
			buildSettings = {
				ALWAYS_SEARCH_USER_PATHS = NO;
				CLANG_ANALYZER_NONNULL = YES;
				CLANG_ANALYZER_NUMBER_OBJECT_CONVERSION = YES_AGGRESSIVE;
				CLANG_CXX_LANGUAGE_STANDARD = "gnu++17";
				CLANG_ENABLE_MODULES = YES;
				CLANG_ENABLE_OBJC_ARC = YES;
				CLANG_ENABLE_OBJC_WEAK = YES;
				CLANG_WARN_BLOCK_CAPTURE_AUTORELEASING = YES;
				CLANG_WARN_BOOL_CONVERSION = YES;
				CLANG_WARN_COMMA = YES;
				CLANG_WARN_CONSTANT_CONVERSION = YES;
				CLANG_WARN_DEPRECATED_OBJC_IMPLEMENTATIONS = YES;
				CLANG_WARN_DIRECT_OBJC_ISA_USAGE = YES_ERROR;
				CLANG_WARN_DOCUMENTATION_COMMENTS = YES;
				CLANG_WARN_EMPTY_BODY = YES;
				CLANG_WARN_ENUM_CONVERSION = YES;
				CLANG_WARN_INFINITE_RECURSION = YES;
				CLANG_WARN_INT_CONVERSION = YES;
				CLANG_WARN_NON_LITERAL_NULL_CONVERSION = YES;
				CLANG_WARN_OBJC_IMPLICIT_RETAIN_SELF = YES;
				CLANG_WARN_OBJC_LITERAL_CONVERSION = YES;
				CLANG_WARN_OBJC_ROOT_CLASS = YES_ERROR;
				CLANG_WARN_QUOTED_INCLUDE_IN_FRAMEWORK_HEADER = YES;
				CLANG_WARN_RANGE_LOOP_ANALYSIS = YES;
				CLANG_WARN_STRICT_PROTOTYPES = YES;
				CLANG_WARN_SUSPICIOUS_MOVE = YES;
				CLANG_WARN_UNGUARDED_AVAILABILITY = YES_AGGRESSIVE;
				CLANG_WARN_UNREACHABLE_CODE = YES;
				CLANG_WARN__DUPLICATE_METHOD_MATCH = YES;
				COPY_PHASE_STRIP = NO;
				DEBUG_INFORMATION_FORMAT = "dwarf-with-dsym";
				ENABLE_NS_ASSERTIONS = NO;
				ENABLE_STRICT_OBJC_MSGSEND = YES;
				GCC_C_LANGUAGE_STANDARD = gnu11;
				GCC_NO_COMMON_BLOCKS = YES;
				GCC_WARN_64_TO_32_BIT_CONVERSION = YES;
				GCC_WARN_ABOUT_RETURN_TYPE = YES_ERROR;
				GCC_WARN_UNDECLARED_SELECTOR = YES;
				GCC_WARN_UNINITIALIZED_AUTOS = YES_AGGRESSIVE;
				GCC_WARN_UNUSED_FUNCTION = YES;
				GCC_WARN_UNUSED_VARIABLE = YES;
				IPHONEOS_DEPLOYMENT_TARGET = 15.4;
				MTL_ENABLE_DEBUG_INFO = NO;
				MTL_FAST_MATH = YES;
				SDKROOT = iphoneos;
				SWIFT_COMPILATION_MODE = wholemodule;
				SWIFT_OPTIMIZATION_LEVEL = "-O";
				VALIDATE_PRODUCT = YES;
			};
			name = Release;
		};
		8B5AAC3C284F737C000B3C13 /* Debug */ = {
			isa = XCBuildConfiguration;
			buildSettings = {
				ASSETCATALOG_COMPILER_APPICON_NAME = AppIcon;
				ASSETCATALOG_COMPILER_GLOBAL_ACCENT_COLOR_NAME = AccentColor;
				CODE_SIGN_STYLE = Automatic;
				CURRENT_PROJECT_VERSION = 1;
				DEVELOPMENT_ASSET_PATHS = "\"UserDefaultsPractice/Preview Content\"";
				DEVELOPMENT_TEAM = QN4J7445H4;
				ENABLE_PREVIEWS = YES;
				GENERATE_INFOPLIST_FILE = YES;
				INFOPLIST_KEY_UIApplicationSceneManifest_Generation = YES;
				INFOPLIST_KEY_UIApplicationSupportsIndirectInputEvents = YES;
				INFOPLIST_KEY_UILaunchScreen_Generation = YES;
				INFOPLIST_KEY_UISupportedInterfaceOrientations_iPad = "UIInterfaceOrientationPortrait UIInterfaceOrientationPortraitUpsideDown UIInterfaceOrientationLandscapeLeft UIInterfaceOrientationLandscapeRight";
				INFOPLIST_KEY_UISupportedInterfaceOrientations_iPhone = "UIInterfaceOrientationPortrait UIInterfaceOrientationLandscapeLeft UIInterfaceOrientationLandscapeRight";
				IPHONEOS_DEPLOYMENT_TARGET = 15.0;
				LD_RUNPATH_SEARCH_PATHS = (
					"$(inherited)",
					"@executable_path/Frameworks",
				);
				MARKETING_VERSION = 1.0;
				PRODUCT_BUNDLE_IDENTIFIER = com.education.UserDefaultsPractice;
				PRODUCT_NAME = "$(TARGET_NAME)";
				SWIFT_EMIT_LOC_STRINGS = YES;
				SWIFT_VERSION = 5.0;
				TARGETED_DEVICE_FAMILY = "1,2";
			};
			name = Debug;
		};
		8B5AAC3D284F737C000B3C13 /* Release */ = {
			isa = XCBuildConfiguration;
			buildSettings = {
				ASSETCATALOG_COMPILER_APPICON_NAME = AppIcon;
				ASSETCATALOG_COMPILER_GLOBAL_ACCENT_COLOR_NAME = AccentColor;
				CODE_SIGN_STYLE = Automatic;
				CURRENT_PROJECT_VERSION = 1;
				DEVELOPMENT_ASSET_PATHS = "\"UserDefaultsPractice/Preview Content\"";
				DEVELOPMENT_TEAM = QN4J7445H4;
				ENABLE_PREVIEWS = YES;
				GENERATE_INFOPLIST_FILE = YES;
				INFOPLIST_KEY_UIApplicationSceneManifest_Generation = YES;
				INFOPLIST_KEY_UIApplicationSupportsIndirectInputEvents = YES;
				INFOPLIST_KEY_UILaunchScreen_Generation = YES;
				INFOPLIST_KEY_UISupportedInterfaceOrientations_iPad = "UIInterfaceOrientationPortrait UIInterfaceOrientationPortraitUpsideDown UIInterfaceOrientationLandscapeLeft UIInterfaceOrientationLandscapeRight";
				INFOPLIST_KEY_UISupportedInterfaceOrientations_iPhone = "UIInterfaceOrientationPortrait UIInterfaceOrientationLandscapeLeft UIInterfaceOrientationLandscapeRight";
				IPHONEOS_DEPLOYMENT_TARGET = 15.0;
				LD_RUNPATH_SEARCH_PATHS = (
					"$(inherited)",
					"@executable_path/Frameworks",
				);
				MARKETING_VERSION = 1.0;
				PRODUCT_BUNDLE_IDENTIFIER = com.education.UserDefaultsPractice;
				PRODUCT_NAME = "$(TARGET_NAME)";
				SWIFT_EMIT_LOC_STRINGS = YES;
				SWIFT_VERSION = 5.0;
				TARGETED_DEVICE_FAMILY = "1,2";
			};
			name = Release;
		};
/* End XCBuildConfiguration section */

/* Begin XCConfigurationList section */
		849A57F12869F2EF00EE4D3C /* Build configuration list for PBXNativeTarget "UserDefaultsPracticeTests" */ = {
			isa = XCConfigurationList;
			buildConfigurations = (
				849A57F22869F2EF00EE4D3C /* Debug */,
				849A57F32869F2EF00EE4D3C /* Release */,
			);
			defaultConfigurationIsVisible = 0;
			defaultConfigurationName = Release;
		};
		8B5AAC28284F737A000B3C13 /* Build configuration list for PBXProject "UserDefaultsPractice" */ = {
			isa = XCConfigurationList;
			buildConfigurations = (
				8B5AAC39284F737C000B3C13 /* Debug */,
				8B5AAC3A284F737C000B3C13 /* Release */,
			);
			defaultConfigurationIsVisible = 0;
			defaultConfigurationName = Release;
		};
		8B5AAC3B284F737C000B3C13 /* Build configuration list for PBXNativeTarget "UserDefaultsPractice" */ = {
			isa = XCConfigurationList;
			buildConfigurations = (
				8B5AAC3C284F737C000B3C13 /* Debug */,
				8B5AAC3D284F737C000B3C13 /* Release */,
			);
			defaultConfigurationIsVisible = 0;
			defaultConfigurationName = Release;
		};
/* End XCConfigurationList section */
	};
	rootObject = 8B5AAC25284F737A000B3C13 /* Project object */;
}
